# This file is autogenerated, do not edit; changes may be undone by the next 'dep ensure'.


[[projects]]
  branch = "master"
  name = "github.com/ahmdrz/goinsta"
  packages = [".","response"]
  revision = "a6b1fefdb2a12c3a9d322f73c0eb7f3cdd9fe488"

[[projects]]
  branch = "master"
  name = "golang.org/x/net"
  packages = ["context"]
  revision = "8351a756f30f1297fe94bbf4b767ec589c6ea6d0"

[[projects]]
  branch = "master"
  name = "golang.org/x/time"
  packages = ["rate"]
  revision = "8be79e1e0910c292df4e79c241bb7e8f7e725959"

[solve-meta]
  analyzer-name = "dep"
  analyzer-version = 1
  inputs-digest = "48c2a40848719a36d2286c32481e95245f0a910603ccd0ed7e4af88e5ea02b3d"
  solver-name = "gps-cdcl"
  solver-version = 1
